{
  "lockfileVersion": 1,
  "configVersion": 1,
  "workspaces": {
    "": {
      "name": "swift-tui-counter-demo-workspace",
    },
    "WebExample": {
      "name": "web-example",
      "version": "0.8.7",
      "dependencies": {
        "@swifttui/build": "https://github.com/SwiftTUI/swift-tui-web/releases/download/0.8.7/swifttui-build-0.8.7.tgz",
        "@swifttui/web": "https://github.com/SwiftTUI/swift-tui-web/releases/download/0.8.7/swifttui-web-0.8.7.tgz",
      },
      "devDependencies": {
        "@types/bun": "1.3.13",
        "playwright": "^1.59.1",
      },
    },
  },
  "overrides": {
    "@swifttui/web": "https://github.com/SwiftTUI/swift-tui-web/releases/download/0.8.7/swifttui-web-0.8.7.tgz",
  },
  "packages": {
    "@bjorn3/browser_wasi_shim": ["@bjorn3/browser_wasi_shim@0.4.2", "", {}, "sha512-/iHkCVUG3VbcbmEHn5iIUpIrh7a7WPiwZ3sHy4HZKZzBdSadwdddYDZAII2zBvQYV0Lfi8naZngPCN7WPHI/hA=="],

    "@swifttui/build": ["@swifttui/build@https://github.com/SwiftTUI/swift-tui-web/releases/download/0.8.7/swifttui-build-0.8.7.tgz", { "dependencies": { "@swifttui/web": "0.8.7" }, "bin": { "swifttui-web": "./dist/cli.js" } }, "sha512-UHkMTJQWTcwkbSwId72Q4vPooFwRasOw5EaURbbah7GimYZN7slAFoq+X+KlMsvjsREw2pJ9OTpUm4oFTv+vfg=="],

    "@swifttui/web": ["@swifttui/web@https://github.com/SwiftTUI/swift-tui-web/releases/download/0.8.7/swifttui-web-0.8.7.tgz", { "dependencies": { "@bjorn3/browser_wasi_shim": "^0.4.2" } }, "sha512-kH6DK149xCvpQNegROKoiBJ+gUqUl0KTtoQRZ+yb9sDTmwohJ7u8duZdiGcmgx949SLMvgPwEpofGoKBArXgkg=="],

    "@types/bun": ["@types/bun@1.3.13", "", { "dependencies": { "bun-types": "1.3.13" } }, "sha512-9fqXWk5YIHGGnUau9TEi+qdlTYDAnOj+xLCmSTwXfAIqXr2x4tytJb43E9uCvt09zJURKXwAtkoH4nLQfzeTXw=="],

    "@types/node": ["@types/node@26.1.2", "", { "dependencies": { "undici-types": "~8.3.0" } }, "sha512-Vu4a5UFA9rIIFJ7rB/Vaafh9lrCQszopTCx6KjFboXTGQbPNasehVR5TEiithSDGyd1DEiUByggTZsg8jukeIg=="],

    "bun-types": ["bun-types@1.3.13", "", { "dependencies": { "@types/node": "*" } }, "sha512-QXKeHLlOLqQX9LgYaHJfzdBaV21T63HhFJnvuRCcjZiaUDpbs5ED1MgxbMra71CsryN/1dAoXuJJJwIv/2drVA=="],

    "fsevents": ["fsevents@2.3.2", "", { "os": "darwin" }, "sha512-xiqMQR4xAeHTuB9uWm+fFRcIOgKBMiOBP+eXiyT7jsgVCq1bkVygt00oASowB7EdtpOHaaPgKt812P9ab+DDKA=="],

    "playwright": ["playwright@1.62.1", "", { "dependencies": { "playwright-core": "1.62.1" }, "optionalDependencies": { "fsevents": "2.3.2" }, "bin": { "playwright": "cli.js" } }, "sha512-0M+L3LAD8/nm554LOla9Ayx0j0tmFZ0FBcoQ7F1VuVHpM/XpiC8RcDzBQB8W5+hA8L22THxELzeF+2WcUzvcLg=="],

    "playwright-core": ["playwright-core@1.62.1", "", { "bin": { "playwright-core": "cli.js" } }, "sha512-wPYSwEBJY9GHraISXqyqtx0na0LpO3XEX7jNDhntbex7tzUS7kLnZsOlFruFJB4Hi/rhDMjXGqHewDZ68nYZVw=="],

    "undici-types": ["undici-types@8.3.0", "", {}, "sha512-j375ScV60dom+YkPFIfTLcOiPxkN/buHz5GobjLhixFuANaNs3C9l4GmrWqejgXWJ7BbJcFYpTEUkS1Ge8bpZQ=="],

    "web-example": ["web-example@workspace:WebExample"],
  }
}
